{
  "name": "flupke",
  "lockfileVersion": 3,
  "requires": true,
  "packages": {
    "": {
      "name": "flupke",
      "license": "MIT",
      "workspaces": [
        "packages/*"
      ],
      "devDependencies": {
        "@biomejs/biome": "1.9.4",
        "function-bind": "1.1.2",
        "inherits": "2.0.4",
        "isarray": "2.0.5",
        "ms": "2.1.3",
        "safe-buffer": "5.2.1",
        "typescript": "5.7.2"
      },
      "engines": {
        "node": ">=18"
      }
    },
    "node_modules/@biomejs/biome": {
      "version": "1.9.4",
      "dev": true,
      "hasInstallScript": true,
      "license": "MIT OR Apache-2.0",
      "bin": {
        "biome": "bin/biome"
      },
      "engines": {
        "node": ">=14.21.3"
      },
      "funding": {
        "type": "opencollective",
        "url": "https://opencollective.com/biome"
      },
      "optionalDependencies": {
        "@biomejs/cli-darwin-arm64": "1.9.4",
        "@biomejs/cli-darwin-x64": "1.9.4",
        "@biomejs/cli-linux-arm64": "1.9.4",
        "@biomejs/cli-linux-arm64-musl": "1.9.4",
        "@biomejs/cli-linux-x64": "1.9.4",
        "@biomejs/cli-linux-x64-musl": "1.9.4",
        "@biomejs/cli-win32-arm64": "1.9.4",
        "@biomejs/cli-win32-x64": "1.9.4"
      }
    },
    "node_modules/@biomejs/cli-darwin-arm64": {
      "version": "1.9.4",
      "cpu": [
        "arm64"
      ],
      "dev": true,
      "license": "MIT OR Apache-2.0",
      "optional": true,
      "os": [
        "darwin"
      ],
      "engines": {
        "node": ">=14.21.3"
      }
    },
    "node_modules/@biomejs/cli-darwin-x64": {
      "version": "1.9.4",
      "resolved": "https://registry.npmjs.org/@biomejs/cli-darwin-x64/-/cli-darwin-x64-1.9.4.tgz",
      "integrity": "sha512-ngYBh/+bEedqkSevPVhLP4QfVPCpb+4BBe2p7Xs32dBgs7rh9nY2AIYUL6BgLw1JVXV8GlpKmb/hNiuIxfPfZg==",
      "cpu": [
        "x64"
      ],
      "dev": true,
      "license": "MIT OR Apache-2.0",
      "optional": true,
      "os": [
        "darwin"
      ],
      "engines": {
        "node": ">=14.21.3"
      }
    },
    "node_modules/@biomejs/cli-linux-arm64": {
      "version": "1.9.4",
      "resolved": "https://registry.npmjs.org/@biomejs/cli-linux-arm64/-/cli-linux-arm64-1.9.4.tgz",
      "integrity": "sha512-fJIW0+LYujdjUgJJuwesP4EjIBl/N/TcOX3IvIHJQNsAqvV2CHIogsmA94BPG6jZATS4Hi+xv4SkBBQSt1N4/g==",
      "cpu": [
        "arm64"
      ],
      "dev": true,
      "libc": [
        "glibc"
      ],
      "license": "MIT OR Apache-2.0",
      "optional": true,
      "os": [
        "linux"
      ],
      "engines": {
        "node": ">=14.21.3"
      }
    },
    "node_modules/@biomejs/cli-linux-arm64-musl": {
      "version": "1.9.4",
      "resolved": "https://registry.npmjs.org/@biomejs/cli-linux-arm64-musl/-/cli-linux-arm64-musl-1.9.4.tgz",
      "integrity": "sha512-v665Ct9WCRjGa8+kTr0CzApU0+XXtRgwmzIf1SeKSGAv+2scAlW6JR5PMFo6FzqqZ64Po79cKODKf3/AAmECqA==",
      "cpu": [
        "arm64"
      ],
      "dev": true,
      "libc": [
        "musl"
      ],
      "license": "MIT OR Apache-2.0",
      "optional": true,
      "os": [
        "linux"
      ],
      "engines": {
        "node": ">=14.21.3"
      }
    },
    "node_modules/@biomejs/cli-linux-x64": {
      "version": "1.9.4",
      "resolved": "https://registry.npmjs.org/@biomejs/cli-linux-x64/-/cli-linux-x64-1.9.4.tgz",
      "integrity": "sha512-lRCJv/Vi3Vlwmbd6K+oQ0KhLHMAysN8lXoCI7XeHlxaajk06u7G+UsFSO01NAs5iYuWKmVZjmiOzJ0OJmGsMwg==",
      "cpu": [
        "x64"
      ],
      "dev": true,
      "libc": [
        "glibc"
      ],
      "license": "MIT OR Apache-2.0",
      "optional": true,
      "os": [
        "linux"
      ],
      "engines": {
        "node": ">=14.21.3"
      }
    },
    "node_modules/@biomejs/cli-linux-x64-musl": {
      "version": "1.9.4",
      "resolved": "https://registry.npmjs.org/@biomejs/cli-linux-x64-musl/-/cli-linux-x64-musl-1.9.4.tgz",
      "integrity": "sha512-gEhi/jSBhZ2m6wjV530Yy8+fNqG8PAinM3oV7CyO+6c3CEh16Eizm21uHVsyVBEB6RIM8JHIl6AGYCv6Q6Q9Tg==",
      "cpu": [
        "x64"
      ],
      "dev": true,
      "libc": [
        "musl"
      ],
      "license": "MIT OR Apache-2.0",
      "optional": true,
      "os": [
        "linux"
      ],
      "engines": {
        "node": ">=14.21.3"
      }
    },
    "node_modules/@biomejs/cli-win32-arm64": {
      "version": "1.9.4",
      "resolved": "https://registry.npmjs.org/@biomejs/cli-win32-arm64/-/cli-win32-arm64-1.9.4.tgz",
      "integrity": "sha512-tlbhLk+WXZmgwoIKwHIHEBZUwxml7bRJgk0X2sPyNR3S93cdRq6XulAZRQJ17FYGGzWne0fgrXBKpl7l4M87Hg==",
      "cpu": [
        "arm64"
      ],
      "dev": true,
      "license": "MIT OR Apache-2.0",
      "optional": true,
      "os": [
        "win32"
      ],
      "engines": {
        "node": ">=14.21.3"
      }
    },
    "node_modules/@biomejs/cli-win32-x64": {
      "version": "1.9.4",
      "resolved": "https://registry.npmjs.org/@biomejs/cli-win32-x64/-/cli-win32-x64-1.9.4.tgz",
      "integrity": "sha512-8Y5wMhVIPaWe6jw2H+KlEm4wP/f7EW3810ZLmDlrEEy5KvBsb9ECEfu/kMWD484ijfQ8+nIi0giMgu9g1UAuuA==",
      "cpu": [
        "x64"
      ],
      "dev": true,
      "license": "MIT OR Apache-2.0",
      "optional": true,
      "os": [
        "win32"
      ],
      "engines": {
        "node": ">=14.21.3"
      }
    },
    "node_modules/@flupkejs/aggregate-error": {
      "resolved": "packages/aggregate-error",
      "link": true
    },
    "node_modules/@flupkejs/ansi-regex": {
      "resolved": "packages/ansi-regex",
      "link": true
    },
    "node_modules/@flupkejs/ansi-styles": {
      "resolved": "packages/ansi-styles",
      "link": true
    },
    "node_modules/@flupkejs/balanced-match": {
      "resolved": "packages/balanced-match",
      "link": true
    },
    "node_modules/@flupkejs/call-bind": {
      "resolved": "packages/call-bind",
      "link": true
    },
    "node_modules/@flupkejs/callsites": {
      "resolved": "packages/callsites",
      "link": true
    },
    "node_modules/@flupkejs/camelcase": {
      "resolved": "packages/camelcase",
      "link": true
    },
    "node_modules/@flupkejs/classnames": {
      "resolved": "packages/classnames",
      "link": true
    },
    "node_modules/@flupkejs/clean-stack": {
      "resolved": "packages/clean-stack",
      "link": true
    },
    "node_modules/@flupkejs/cli": {
      "resolved": "packages/cli",
      "link": true
    },
    "node_modules/@flupkejs/cliui": {
      "resolved": "packages/cliui",
      "link": true
    },
    "node_modules/@flupkejs/color-convert": {
      "resolved": "packages/color-convert",
      "link": true
    },
    "node_modules/@flupkejs/color-name": {
      "resolved": "packages/color-name",
      "link": true
    },
    "node_modules/@flupkejs/concat-map": {
      "resolved": "packages/concat-map",
      "link": true
    },
    "node_modules/@flupkejs/cross-spawn": {
      "resolved": "packages/cross-spawn",
      "link": true
    },
    "node_modules/@flupkejs/debug": {
      "resolved": "packages/debug",
      "link": true
    },
    "node_modules/@flupkejs/decamelize": {
      "resolved": "packages/decamelize",
      "link": true
    },
    "node_modules/@flupkejs/deep-equal": {
      "resolved": "packages/deep-equal",
      "link": true
    },
    "node_modules/@flupkejs/define-data-property": {
      "resolved": "packages/define-data-property",
      "link": true
    },
    "node_modules/@flupkejs/delay": {
      "resolved": "packages/delay",
      "link": true
    },
    "node_modules/@flupkejs/dotenv-expand": {
      "resolved": "packages/dotenv-expand",
      "link": true
    },
    "node_modules/@flupkejs/emoji-regex": {
      "resolved": "packages/emoji-regex",
      "link": true
    },
    "node_modules/@flupkejs/es-define-property": {
      "resolved": "packages/es-define-property",
      "link": true
    },
    "node_modules/@flupkejs/es-errors": {
      "resolved": "packages/es-errors",
      "link": true
    },
    "node_modules/@flupkejs/escalade": {
      "resolved": "packages/escalade",
      "link": true
    },
    "node_modules/@flupkejs/escape-string-regexp": {
      "resolved": "packages/escape-string-regexp",
      "link": true
    },
    "node_modules/@flupkejs/execa": {
      "resolved": "packages/execa",
      "link": true
    },
    "node_modules/@flupkejs/fast-deep-equal": {
      "resolved": "packages/fast-deep-equal",
      "link": true
    },
    "node_modules/@flupkejs/filter-obj": {
      "resolved": "packages/filter-obj",
      "link": true
    },
    "node_modules/@flupkejs/find-up": {
      "resolved": "packages/find-up",
      "link": true
    },
    "node_modules/@flupkejs/function-bind": {
      "resolved": "packages/function-bind",
      "link": true
    },
    "node_modules/@flupkejs/get-caller-file": {
      "resolved": "packages/get-caller-file",
      "link": true
    },
    "node_modules/@flupkejs/get-intrinsic": {
      "resolved": "packages/get-intrinsic",
      "link": true
    },
    "node_modules/@flupkejs/globby": {
      "resolved": "packages/globby",
      "link": true
    },
    "node_modules/@flupkejs/gopd": {
      "resolved": "packages/gopd",
      "link": true
    },
    "node_modules/@flupkejs/graceful-fs": {
      "resolved": "packages/graceful-fs",
      "link": true
    },
    "node_modules/@flupkejs/has-flag": {
      "resolved": "packages/has-flag",
      "link": true
    },
    "node_modules/@flupkejs/has-proto": {
      "resolved": "packages/has-proto",
      "link": true
    },
    "node_modules/@flupkejs/has-symbols": {
      "resolved": "packages/has-symbols",
      "link": true
    },
    "node_modules/@flupkejs/hasown": {
      "resolved": "packages/hasown",
      "link": true
    },
    "node_modules/@flupkejs/human-readable": {
      "resolved": "packages/human-readable",
      "link": true
    },
    "node_modules/@flupkejs/import-fresh": {
      "resolved": "packages/import-fresh",
      "link": true
    },
    "node_modules/@flupkejs/indent-string": {
      "resolved": "packages/indent-string",
      "link": true
    },
    "node_modules/@flupkejs/inflight": {
      "resolved": "packages/inflight",
      "link": true
    },
    "node_modules/@flupkejs/inherits": {
      "resolved": "packages/inherits",
      "link": true
    },
    "node_modules/@flupkejs/is-array": {
      "resolved": "packages/is-array",
      "link": true
    },
    "node_modules/@flupkejs/is-fullwidth-code-point": {
      "resolved": "packages/is-fullwidth-code-point",
      "link": true
    },
    "node_modules/@flupkejs/is-glob": {
      "resolved": "packages/is-glob",
      "link": true
    },
    "node_modules/@flupkejs/is-number": {
      "resolved": "packages/is-number",
      "link": true
    },
    "node_modules/@flupkejs/is-plain-object": {
      "resolved": "packages/is-plain-object",
      "link": true
    },
    "node_modules/@flupkejs/is-stream": {
      "resolved": "packages/is-stream",
      "link": true
    },
    "node_modules/@flupkejs/locate-path": {
      "resolved": "packages/locate-path",
      "link": true
    },
    "node_modules/@flupkejs/lru-cache": {
      "resolved": "packages/lru-cache",
      "link": true
    },
    "node_modules/@flupkejs/map-obj": {
      "resolved": "packages/map-obj",
      "link": true
    },
    "node_modules/@flupkejs/mem": {
      "resolved": "packages/mem",
      "link": true
    },
    "node_modules/@flupkejs/memoize-one": {
      "resolved": "packages/memoize-one",
      "link": true
    },
    "node_modules/@flupkejs/mimic-fn": {
      "resolved": "packages/mimic-fn",
      "link": true
    },
    "node_modules/@flupkejs/minipass": {
      "resolved": "packages/minipass",
      "link": true
    },
    "node_modules/@flupkejs/mkdirp": {
      "resolved": "packages/mkdirp",
      "link": true
    },
    "node_modules/@flupkejs/ms": {
      "resolved": "packages/ms",
      "link": true
    },
    "node_modules/@flupkejs/nanoid": {
      "resolved": "packages/nanoid",
      "link": true
    },
    "node_modules/@flupkejs/normalize-path": {
      "resolved": "packages/normalize-path",
      "link": true
    },
    "node_modules/@flupkejs/object-inspect": {
      "resolved": "packages/object-inspect",
      "link": true
    },
    "node_modules/@flupkejs/once": {
      "resolved": "packages/once",
      "link": true
    },
    "node_modules/@flupkejs/onetime": {
      "resolved": "packages/onetime",
      "link": true
    },
    "node_modules/@flupkejs/p-limit": {
      "resolved": "packages/p-limit",
      "link": true
    },
    "node_modules/@flupkejs/p-locate": {
      "resolved": "packages/p-locate",
      "link": true
    },
    "node_modules/@flupkejs/p-map": {
      "resolved": "packages/p-map",
      "link": true
    },
    "node_modules/@flupkejs/p-queue": {
      "resolved": "packages/p-queue",
      "link": true
    },
    "node_modules/@flupkejs/parent-module": {
      "resolved": "packages/parent-module",
      "link": true
    },
    "node_modules/@flupkejs/path-exists": {
      "resolved": "packages/path-exists",
      "link": true
    },
    "node_modules/@flupkejs/path-is-absolute": {
      "resolved": "packages/path-is-absolute",
      "link": true
    },
    "node_modules/@flupkejs/path-type": {
      "resolved": "packages/path-type",
      "link": true
    },
    "node_modules/@flupkejs/pify": {
      "resolved": "packages/pify",
      "link": true
    },
    "node_modules/@flupkejs/pkg-dir": {
      "resolved": "packages/pkg-dir",
      "link": true
    },
    "node_modules/@flupkejs/require-directory": {
      "resolved": "packages/require-directory",
      "link": true
    },
    "node_modules/@flupkejs/resolve-from": {
      "resolved": "packages/resolve-from",
      "link": true
    },
    "node_modules/@flupkejs/retry": {
      "resolved": "packages/retry",
      "link": true
    },
    "node_modules/@flupkejs/rimraf": {
      "resolved": "packages/rimraf",
      "link": true
    },
    "node_modules/@flupkejs/safe-buffer": {
      "resolved": "packages/safe-buffer",
      "link": true
    },
    "node_modules/@flupkejs/semver": {
      "resolved": "packages/semver",
      "link": true
    },
    "node_modules/@flupkejs/set-function-length": {
      "resolved": "packages/set-function-length",
      "link": true
    },
    "node_modules/@flupkejs/side-channel": {
      "resolved": "packages/side-channel",
      "link": true
    },
    "node_modules/@flupkejs/signal-exit": {
      "resolved": "packages/signal-exit",
      "link": true
    },
    "node_modules/@flupkejs/slash": {
      "resolved": "packages/slash",
      "link": true
    },
    "node_modules/@flupkejs/slash-trailing": {
      "resolved": "packages/slash-trailing",
      "link": true
    },
    "node_modules/@flupkejs/sort-keys": {
      "resolved": "packages/sort-keys",
      "link": true
    },
    "node_modules/@flupkejs/string-width": {
      "resolved": "packages/string-width",
      "link": true
    },
    "node_modules/@flupkejs/strip-ansi": {
      "resolved": "packages/strip-ansi",
      "link": true
    },
    "node_modules/@flupkejs/strip-indent": {
      "resolved": "packages/strip-indent",
      "link": true
    },
    "node_modules/@flupkejs/supports-color": {
      "resolved": "packages/supports-color",
      "link": true
    },
    "node_modules/@flupkejs/tempy": {
      "resolved": "packages/tempy",
      "link": true
    },
    "node_modules/@flupkejs/type-detect": {
      "resolved": "packages/type-detect",
      "link": true
    },
    "node_modules/@flupkejs/type-fest": {
      "resolved": "packages/type-fest",
      "link": true
    },
    "node_modules/@flupkejs/util-deprecate": {
      "resolved": "packages/util-deprecate",
      "link": true
    },
    "node_modules/@flupkejs/which": {
      "resolved": "packages/which",
      "link": true
    },
    "node_modules/@flupkejs/wrap-ansi": {
      "resolved": "packages/wrap-ansi",
      "link": true
    },
    "node_modules/@flupkejs/wrappy": {
      "resolved": "packages/wrappy",
      "link": true
    },
    "node_modules/@flupkejs/y18n": {
      "resolved": "packages/y18n",
      "link": true
    },
    "node_modules/@flupkejs/yallist": {
      "resolved": "packages/yallist",
      "link": true
    },
    "node_modules/@flupkejs/yargs-parser": {
      "resolved": "packages/yargs-parser",
      "link": true
    },
    "node_modules/function-bind": {
      "version": "1.1.2",
      "dev": true,
      "license": "MIT",
      "funding": {
        "url": "https://github.com/sponsors/ljharb"
      }
    },
    "node_modules/inherits": {
      "version": "2.0.4",
      "dev": true,
      "license": "ISC"
    },
    "node_modules/isarray": {
      "version": "2.0.5",
      "dev": true,
      "license": "MIT"
    },
    "node_modules/ms": {
      "version": "2.1.3",
      "dev": true,
      "license": "MIT"
    },
    "node_modules/safe-buffer": {
      "version": "5.2.1",
      "dev": true,
      "funding": [
        {
          "type": "github",
          "url": "https://github.com/sponsors/feross"
        },
        {
          "type": "patreon",
          "url": "https://www.patreon.com/feross"
        },
        {
          "type": "consulting",
          "url": "https://feross.org/support"
        }
      ],
      "license": "MIT"
    },
    "node_modules/typescript": {
      "version": "5.7.2",
      "dev": true,
      "license": "Apache-2.0",
      "bin": {
        "tsc": "bin/tsc",
        "tsserver": "bin/tsserver"
      },
      "engines": {
        "node": ">=14.17"
      }
    },
    "packages/aggregate-error": {
      "name": "@flupkejs/aggregate-error",
      "version": "1.0.0",
      "license": "MIT"
    },
    "packages/ansi-regex": {
      "name": "@flupkejs/ansi-regex",
      "version": "1.0.0",
      "license": "MIT"
    },
    "packages/ansi-styles": {
      "name": "@flupkejs/ansi-styles",
      "version": "1.0.0",
      "license": "MIT"
    },
    "packages/balanced-match": {
      "name": "@flupkejs/balanced-match",
      "version": "1.0.0",
      "license": "MIT"
    },
    "packages/call-bind": {
      "name": "@flupkejs/call-bind",
      "version": "1.0.0",
      "license": "MIT"
    },
    "packages/callsites": {
      "name": "@flupkejs/callsites",
      "version": "1.0.0",
      "license": "MIT"
    },
    "packages/camelcase": {
      "name": "@flupkejs/camelcase",
      "version": "1.0.0",
      "license": "MIT"
    },
    "packages/classnames": {
      "name": "@flupkejs/classnames",
      "version": "1.0.0",
      "license": "MIT"
    },
    "packages/clean-stack": {
      "name": "@flupkejs/clean-stack",
      "version": "1.0.0",
      "license": "MIT"
    },
    "packages/cli": {
      "name": "@flupkejs/cli",
      "version": "1.0.1",
      "license": "MIT",
      "bin": {
        "flupke": "src/index.js"
      },
      "engines": {
        "node": ">=18"
      }
    },
    "packages/cliui": {
      "name": "@flupkejs/cliui",
      "version": "1.0.0",
      "license": "MIT"
    },
    "packages/color-convert": {
      "name": "@flupkejs/color-convert",
      "version": "1.0.0",
      "license": "MIT"
    },
    "packages/color-name": {
      "name": "@flupkejs/color-name",
      "version": "1.0.0",
      "license": "MIT"
    },
    "packages/concat-map": {
      "name": "@flupkejs/concat-map",
      "version": "1.0.0",
      "license": "MIT"
    },
    "packages/cross-spawn": {
      "name": "@flupkejs/cross-spawn",
      "version": "1.0.0",
      "license": "MIT"
    },
    "packages/debug": {
      "name": "@flupkejs/debug",
      "version": "1.0.0",
      "license": "MIT"
    },
    "packages/decamelize": {
      "name": "@flupkejs/decamelize",
      "version": "1.0.0",
      "license": "MIT"
    },
    "packages/deep-equal": {
      "name": "@flupkejs/deep-equal",
      "version": "1.0.0",
      "license": "MIT"
    },
    "packages/define-data-property": {
      "name": "@flupkejs/define-data-property",
      "version": "1.0.0",
      "license": "MIT"
    },
    "packages/delay": {
      "name": "@flupkejs/delay",
      "version": "1.0.0",
      "license": "MIT"
    },
    "packages/dotenv-expand": {
      "name": "@flupkejs/dotenv-expand",
      "version": "1.0.0",
      "license": "MIT"
    },
    "packages/emoji-regex": {
      "name": "@flupkejs/emoji-regex",
      "version": "1.0.0",
      "license": "MIT"
    },
    "packages/es-define-property": {
      "name": "@flupkejs/es-define-property",
      "version": "1.0.0",
      "license": "MIT"
    },
    "packages/es-errors": {
      "name": "@flupkejs/es-errors",
      "version": "1.0.0",
      "license": "MIT"
    },
    "packages/escalade": {
      "name": "@flupkejs/escalade",
      "version": "1.0.1",
      "license": "MIT"
    },
    "packages/escape-string-regexp": {
      "name": "@flupkejs/escape-string-regexp",
      "version": "1.0.0",
      "license": "MIT"
    },
    "packages/execa": {
      "name": "@flupkejs/execa",
      "version": "1.0.0",
      "license": "MIT"
    },
    "packages/fast-deep-equal": {
      "name": "@flupkejs/fast-deep-equal",
      "version": "1.0.0",
      "license": "MIT"
    },
    "packages/filter-obj": {
      "name": "@flupkejs/filter-obj",
      "version": "1.0.0",
      "license": "MIT"
    },
    "packages/find-up": {
      "name": "@flupkejs/find-up",
      "version": "1.0.0",
      "license": "MIT"
    },
    "packages/function-bind": {
      "name": "@flupkejs/function-bind",
      "version": "1.0.0",
      "license": "MIT"
    },
    "packages/get-caller-file": {
      "name": "@flupkejs/get-caller-file",
      "version": "1.0.0",
      "license": "MIT"
    },
    "packages/get-intrinsic": {
      "name": "@flupkejs/get-intrinsic",
      "version": "1.0.0",
      "license": "MIT"
    },
    "packages/globby": {
      "name": "@flupkejs/globby",
      "version": "1.0.0",
      "license": "MIT"
    },
    "packages/gopd": {
      "name": "@flupkejs/gopd",
      "version": "1.0.0",
      "license": "MIT"
    },
    "packages/graceful-fs": {
      "name": "@flupkejs/graceful-fs",
      "version": "1.0.0",
      "license": "MIT"
    },
    "packages/has-flag": {
      "name": "@flupkejs/has-flag",
      "version": "1.0.0",
      "license": "MIT"
    },
    "packages/has-proto": {
      "name": "@flupkejs/has-proto",
      "version": "1.0.0",
      "license": "MIT"
    },
    "packages/has-symbols": {
      "name": "@flupkejs/has-symbols",
      "version": "1.0.0",
      "license": "MIT"
    },
    "packages/hasown": {
      "name": "@flupkejs/hasown",
      "version": "1.0.0",
      "license": "MIT"
    },
    "packages/human-readable": {
      "name": "@flupkejs/human-readable",
      "version": "1.0.0",
      "license": "MIT"
    },
    "packages/import-fresh": {
      "name": "@flupkejs/import-fresh",
      "version": "1.0.0",
      "license": "MIT"
    },
    "packages/indent-string": {
      "name": "@flupkejs/indent-string",
      "version": "1.0.0",
      "license": "MIT"
    },
    "packages/inflight": {
      "name": "@flupkejs/inflight",
      "version": "1.0.0",
      "license": "MIT"
    },
    "packages/inherits": {
      "name": "@flupkejs/inherits",
      "version": "1.0.0",
      "license": "MIT"
    },
    "packages/is-array": {
      "name": "@flupkejs/is-array",
      "version": "1.0.0",
      "license": "MIT"
    },
    "packages/is-fullwidth-code-point": {
      "name": "@flupkejs/is-fullwidth-code-point",
      "version": "1.0.0",
      "license": "MIT"
    },
    "packages/is-glob": {
      "name": "@flupkejs/is-glob",
      "version": "1.0.0",
      "license": "MIT"
    },
    "packages/is-number": {
      "name": "@flupkejs/is-number",
      "version": "1.0.0",
      "license": "MIT"
    },
    "packages/is-plain-object": {
      "name": "@flupkejs/is-plain-object",
      "version": "1.0.0",
      "license": "MIT"
    },
    "packages/is-stream": {
      "name": "@flupkejs/is-stream",
      "version": "1.0.0",
      "license": "MIT"
    },
    "packages/locate-path": {
      "name": "@flupkejs/locate-path",
      "version": "1.0.0",
      "license": "MIT"
    },
    "packages/lru-cache": {
      "name": "@flupkejs/lru-cache",
      "version": "1.0.1",
      "license": "MIT"
    },
    "packages/map-obj": {
      "name": "@flupkejs/map-obj",
      "version": "1.0.0",
      "license": "MIT"
    },
    "packages/mem": {
      "name": "@flupkejs/mem",
      "version": "1.0.0",
      "license": "MIT"
    },
    "packages/memoize-one": {
      "name": "@flupkejs/memoize-one",
      "version": "1.0.0",
      "license": "MIT"
    },
    "packages/mimic-fn": {
      "name": "@flupkejs/mimic-fn",
      "version": "1.0.0",
      "license": "MIT"
    },
    "packages/minipass": {
      "name": "@flupkejs/minipass",
      "version": "1.0.0",
      "license": "MIT"
    },
    "packages/mkdirp": {
      "name": "@flupkejs/mkdirp",
      "version": "1.0.0",
      "license": "MIT"
    },
    "packages/ms": {
      "name": "@flupkejs/ms",
      "version": "1.0.0",
      "license": "MIT"
    },
    "packages/nanoid": {
      "name": "@flupkejs/nanoid",
      "version": "1.0.0",
      "license": "MIT"
    },
    "packages/normalize-path": {
      "name": "@flupkejs/normalize-path",
      "version": "1.0.0",
      "license": "MIT"
    },
    "packages/object-inspect": {
      "name": "@flupkejs/object-inspect",
      "version": "1.0.0",
      "license": "MIT"
    },
    "packages/once": {
      "name": "@flupkejs/once",
      "version": "1.0.0",
      "license": "MIT"
    },
    "packages/onetime": {
      "name": "@flupkejs/onetime",
      "version": "1.0.0",
      "license": "MIT"
    },
    "packages/p-limit": {
      "name": "@flupkejs/p-limit",
      "version": "1.0.0",
      "license": "MIT"
    },
    "packages/p-locate": {
      "name": "@flupkejs/p-locate",
      "version": "1.0.0",
      "license": "MIT"
    },
    "packages/p-map": {
      "name": "@flupkejs/p-map",
      "version": "1.0.0",
      "license": "MIT"
    },
    "packages/p-queue": {
      "name": "@flupkejs/p-queue",
      "version": "1.0.0",
      "license": "MIT"
    },
    "packages/parent-module": {
      "name": "@flupkejs/parent-module",
      "version": "1.0.0",
      "license": "MIT"
    },
    "packages/path-exists": {
      "name": "@flupkejs/path-exists",
      "version": "1.0.0",
      "license": "MIT"
    },
    "packages/path-is-absolute": {
      "name": "@flupkejs/path-is-absolute",
      "version": "1.0.0",
      "license": "MIT"
    },
    "packages/path-type": {
      "name": "@flupkejs/path-type",
      "version": "1.0.0",
      "license": "MIT"
    },
    "packages/pify": {
      "name": "@flupkejs/pify",
      "version": "1.0.0",
      "license": "MIT"
    },
    "packages/pkg-dir": {
      "name": "@flupkejs/pkg-dir",
      "version": "1.0.0",
      "license": "MIT"
    },
    "packages/require-directory": {
      "name": "@flupkejs/require-directory",
      "version": "1.0.0",
      "license": "MIT"
    },
    "packages/resolve-from": {
      "name": "@flupkejs/resolve-from",
      "version": "1.0.0",
      "license": "MIT"
    },
    "packages/retry": {
      "name": "@flupkejs/retry",
      "version": "1.0.0",
      "license": "MIT"
    },
    "packages/rimraf": {
      "name": "@flupkejs/rimraf",
      "version": "1.0.0",
      "license": "MIT"
    },
    "packages/safe-buffer": {
      "name": "@flupkejs/safe-buffer",
      "version": "1.0.0",
      "license": "MIT"
    },
    "packages/semver": {
      "name": "@flupkejs/semver",
      "version": "1.0.0",
      "license": "MIT"
    },
    "packages/set-function-length": {
      "name": "@flupkejs/set-function-length",
      "version": "1.0.0",
      "license": "MIT"
    },
    "packages/side-channel": {
      "name": "@flupkejs/side-channel",
      "version": "1.0.0",
      "license": "MIT"
    },
    "packages/signal-exit": {
      "name": "@flupkejs/signal-exit",
      "version": "1.0.0",
      "license": "MIT"
    },
    "packages/slash": {
      "name": "@flupkejs/slash",
      "version": "1.0.0",
      "license": "MIT"
    },
    "packages/slash-trailing": {
      "name": "@flupkejs/slash-trailing",
      "version": "1.0.0",
      "license": "MIT"
    },
    "packages/sort-keys": {
      "name": "@flupkejs/sort-keys",
      "version": "1.0.0",
      "license": "MIT"
    },
    "packages/string-width": {
      "name": "@flupkejs/string-width",
      "version": "1.0.0",
      "license": "MIT"
    },
    "packages/strip-ansi": {
      "name": "@flupkejs/strip-ansi",
      "version": "1.0.0",
      "license": "MIT"
    },
    "packages/strip-indent": {
      "name": "@flupkejs/strip-indent",
      "version": "1.0.0",
      "license": "MIT"
    },
    "packages/supports-color": {
      "name": "@flupkejs/supports-color",
      "version": "1.0.0",
      "license": "MIT"
    },
    "packages/tempy": {
      "name": "@flupkejs/tempy",
      "version": "1.0.0",
      "license": "MIT"
    },
    "packages/type-detect": {
      "name": "@flupkejs/type-detect",
      "version": "1.0.0",
      "license": "MIT"
    },
    "packages/type-fest": {
      "name": "@flupkejs/type-fest",
      "version": "1.0.0",
      "license": "MIT"
    },
    "packages/util-deprecate": {
      "name": "@flupkejs/util-deprecate",
      "version": "1.0.0",
      "license": "MIT"
    },
    "packages/which": {
      "name": "@flupkejs/which",
      "version": "1.0.0",
      "license": "MIT"
    },
    "packages/wrap-ansi": {
      "name": "@flupkejs/wrap-ansi",
      "version": "1.0.0",
      "license": "MIT"
    },
    "packages/wrappy": {
      "name": "@flupkejs/wrappy",
      "version": "1.0.0",
      "license": "MIT"
    },
    "packages/y18n": {
      "name": "@flupkejs/y18n",
      "version": "1.0.0",
      "license": "MIT"
    },
    "packages/yallist": {
      "name": "@flupkejs/yallist",
      "version": "1.0.0",
      "license": "MIT"
    },
    "packages/yargs-parser": {
      "name": "@flupkejs/yargs-parser",
      "version": "1.0.0",
      "license": "MIT"
    }
  }
}
